
Microsoft Visual Studio Solution File, Format Version 12.00
# Visual Studio 14
VisualStudioVersion = 14.0.23107.0
MinimumVisualStudioVersion = 10.0.40219.1
Project("{2150E333-8FDC-42A3-9474-1A3956D46DE8}") = "src", "src", "{1F5EF6D1-3318-40D7-BC2D-B20071FB6896}"
EndProject
Project("{2150E333-8FDC-42A3-9474-1A3956D46DE8}") = "Solution Items", "Solution Items", "{7E76C217-C1E6-4752-9B9E-2F4CE8521397}"
	ProjectSection(SolutionItems) = preProject
		global.json = global.json
	EndProjectSection
EndProject
Project("{8BB2217D-0F2D-49D1-97BC-3654ED321F3B}") = "ConsoleApp1", "src\ConsoleApp1\ConsoleApp1.xproj", "{9AF51BF3-351D-4E37-9FCB-46DF50238C14}"
EndProject
Project("{8BB2217D-0F2D-49D1-97BC-3654ED321F3B}") = "ClassLibrary1", "src\ClassLibrary1\ClassLibrary1.xproj", "{CD80CC09-C4F0-455E-A353-EE049C9D6645}"
EndProject
Project("{8BB2217D-0F2D-49D1-97BC-3654ED321F3B}") = "ClassLibrary2", "src\ClassLibrary2\ClassLibrary2.xproj", "{0D9341DF-673C-467D-B64E-B4F455CA6E91}"
EndProject
Global
	GlobalSection(SolutionConfigurationPlatforms) = preSolution
		Debug|Any CPU = Debug|Any CPU
		Release|Any CPU = Release|Any CPU
	EndGlobalSection
	GlobalSection(ProjectConfigurationPlatforms) = postSolution
		{9AF51BF3-351D-4E37-9FCB-46DF50238C14}.Debug|Any CPU.ActiveCfg = Debug|Any CPU
		{9AF51BF3-351D-4E37-9FCB-46DF50238C14}.Debug|Any CPU.Build.0 = Debug|Any CPU
		{9AF51BF3-351D-4E37-9FCB-46DF50238C14}.Release|Any CPU.ActiveCfg = Release|Any CPU
		{9AF51BF3-351D-4E37-9FCB-46DF50238C14}.Release|Any CPU.Build.0 = Release|Any CPU
		{CD80CC09-C4F0-455E-A353-EE049C9D6645}.Debug|Any CPU.ActiveCfg = Debug|Any CPU
		{CD80CC09-C4F0-455E-A353-EE049C9D6645}.Debug|Any CPU.Build.0 = Debug|Any CPU
		{CD80CC09-C4F0-455E-A353-EE049C9D6645}.Release|Any CPU.ActiveCfg = Release|Any CPU
		{CD80CC09-C4F0-455E-A353-EE049C9D6645}.Release|Any CPU.Build.0 = Release|Any CPU
		{0D9341DF-673C-467D-B64E-B4F455CA6E91}.Debug|Any CPU.ActiveCfg = Debug|Any CPU
		{0D9341DF-673C-467D-B64E-B4F455CA6E91}.Debug|Any CPU.Build.0 = Debug|Any CPU
		{0D9341DF-673C-467D-B64E-B4F455CA6E91}.Release|Any CPU.ActiveCfg = Release|Any CPU
		{0D9341DF-673C-467D-B64E-B4F455CA6E91}.Release|Any CPU.Build.0 = Release|Any CPU
	EndGlobalSection
	GlobalSection(SolutionProperties) = preSolution
		HideSolutionNode = FALSE
	EndGlobalSection
	GlobalSection(NestedProjects) = preSolution
		{9AF51BF3-351D-4E37-9FCB-46DF50238C14} = {1F5EF6D1-3318-40D7-BC2D-B20071FB6896}
		{CD80CC09-C4F0-455E-A353-EE049C9D6645} = {1F5EF6D1-3318-40D7-BC2D-B20071FB6896}
		{0D9341DF-673C-467D-B64E-B4F455CA6E91} = {1F5EF6D1-3318-40D7-BC2D-B20071FB6896}
	EndGlobalSection
EndGlobal
